{
    "annotationProcessor": {
        "org.projectlombok:lombok": {
            "locked": "1.18.20"
        }
    },
    "baseline-exact-dependencies-main": {
        "com.netflix.spectator:spectator-api": {
            "locked": "1.3.10"
        },
        "com.spotify:completable-futures": {
            "locked": "0.3.1"
        },
        "commons-io:commons-io": {
            "locked": "2.11.0"
        },
        "io.github.resilience4j:resilience4j-retry": {
            "locked": "1.5.0"
        },
        "io.vavr:vavr": {
            "locked": "0.10.2"
        },
        "net.lingala.zip4j:zip4j": {
            "locked": "2.9.0"
        },
        "org.apache.hadoop:hadoop-common": {
            "locked": "2.7.7"
        },
        "org.slf4j:slf4j-api": {
            "locked": "1.7.30"
        },
        "org.slf4j:slf4j-log4j12": {
            "locked": "1.7.0"
        }
    },
    "baseline-exact-dependencies-test": {
        "com.github.spullara.cli-parser:cli-parser": {
            "firstLevelTransitive": [
                "io.mantisrx:mantis-control-plane-core"
            ],
            "locked": "1.1.1"
        },
        "com.google.code.findbugs:jsr305": {
            "firstLevelTransitive": [
                "io.mantisrx:mantis-common"
            ],
            "locked": "3.0.1"
        },
        "com.netflix:mantis-rxnetty": {
            "firstLevelTransitive": [
                "io.mantisrx:mantis-common"
            ],
            "locked": "0.4.19.1"
        },
        "io.mantisrx:mantis-common": {
            "firstLevelTransitive": [
                "io.mantisrx:mantis-control-plane-core",
                "io.mantisrx:mantis-network",
                "io.mantisrx:mantis-runtime"
            ],
            "project": true
        },
        "io.mantisrx:mantis-common-serde": {
            "firstLevelTransitive": [
                "io.mantisrx:mantis-common"
            ],
            "project": true
        },
        "io.mantisrx:mantis-control-plane-client": {
            "firstLevelTransitive": [
                "io.mantisrx:mantis-runtime-loader",
                "io.mantisrx:mantis-server-worker-client"
            ],
            "project": true
        },
        "io.mantisrx:mantis-control-plane-core": {
            "firstLevelTransitive": [
                "io.mantisrx:mantis-control-plane-client",
                "io.mantisrx:mantis-control-plane-core",
                "io.mantisrx:mantis-server-worker-client"
            ],
            "project": true
        },
        "io.mantisrx:mantis-network": {
            "firstLevelTransitive": [
                "io.mantisrx:mantis-runtime"
            ],
            "project": true
        },
        "io.mantisrx:mantis-remote-observable": {
            "firstLevelTransitive": [
                "io.mantisrx:mantis-control-plane-client",
                "io.mantisrx:mantis-runtime"
            ],
            "project": true
        },
        "io.mantisrx:mantis-runtime": {
            "firstLevelTransitive": [
                "io.mantisrx:mantis-runtime-executor"
            ],
            "project": true
        },
        "io.mantisrx:mantis-runtime-executor": {
            "project": true
        },
        "io.mantisrx:mantis-runtime-loader": {
            "firstLevelTransitive": [
                "io.mantisrx:mantis-runtime-executor"
            ],
            "project": true
        },
        "io.mantisrx:mantis-rxcontrol": {
            "firstLevelTransitive": [
                "io.mantisrx:mantis-runtime-executor"
            ],
            "project": true
        },
        "io.mantisrx:mantis-server-worker-client": {
            "firstLevelTransitive": [
                "io.mantisrx:mantis-runtime-executor"
            ],
            "project": true
        },
        "io.mantisrx:mantis-shaded": {
            "firstLevelTransitive": [
                "io.mantisrx:mantis-common",
                "io.mantisrx:mantis-common-serde",
                "io.mantisrx:mantis-rxcontrol"
            ],
            "project": true
        },
        "io.netty:netty-buffer": {
            "firstLevelTransitive": [
                "io.mantisrx:mantis-common"
            ],
            "locked": "4.1.17.Final"
        },
        "io.netty:netty-codec-http": {
            "firstLevelTransitive": [
                "io.mantisrx:mantis-common"
            ],
            "locked": "4.1.17.Final"
        },
        "io.netty:netty-handler": {
            "firstLevelTransitive": [
                "io.mantisrx:mantis-network"
            ],
            "locked": "4.1.17.Final"
        },
        "io.netty:netty-transport-native-epoll": {
            "firstLevelTransitive": [
                "io.mantisrx:mantis-common"
            ],
            "locked": "4.1.17.Final"
        },
        "io.reactivex:rxjava": {
            "firstLevelTransitive": [
                "io.mantisrx:mantis-common"
            ],
            "locked": "1.3.8"
        },
        "joda-time:joda-time": {
            "firstLevelTransitive": [
                "io.mantisrx:mantis-control-plane-core"
            ],
            "locked": "2.12.7"
        },
        "junit:junit": {
            "locked": "4.11"
        },
        "junit:junit-dep": {
            "locked": "4.11"
        },
        "org.apache.flink:flink-core": {
            "firstLevelTransitive": [
                "io.mantisrx:mantis-control-plane-core"
            ],
            "locked": "1.14.2"
        },
        "org.apache.flink:flink-rpc-core": {
            "firstLevelTransitive": [
                "io.mantisrx:mantis-control-plane-core"
            ],
            "locked": "1.14.2"
        },
        "org.hdrhistogram:HdrHistogram": {
            "firstLevelTransitive": [
                "io.mantisrx:mantis-control-plane-core"
            ],
            "locked": "2.1.12"
        },
        "org.jctools:jctools-core": {
            "firstLevelTransitive": [
                "io.mantisrx:mantis-common"
            ],
            "locked": "1.2.1"
        },
        "org.json:json": {
            "firstLevelTransitive": [
                "io.mantisrx:mantis-control-plane-core"
            ],
            "locked": "20180813"
        },
        "org.mockito:mockito-all": {
            "locked": "2.0.2-beta"
        },
        "org.skife.config:config-magic": {
            "firstLevelTransitive": [
                "io.mantisrx:mantis-control-plane-core"
            ],
            "locked": "0.11"
        },
        "org.slf4j:slf4j-api": {
            "firstLevelTransitive": [
                "io.mantisrx:mantis-common",
                "io.mantisrx:mantis-runtime"
            ],
            "locked": "1.7.15"
        },
        "org.slf4j:slf4j-log4j12": {
            "firstLevelTransitive": [
                "io.mantisrx:mantis-common"
            ],
            "locked": "1.7.0"
        },
        "org.xerial.snappy:snappy-java": {
            "firstLevelTransitive": [
                "io.mantisrx:mantis-common"
            ],
            "locked": "1.1.10.5"
        }
    },
    "compileClasspath": {
        "com.github.spullara.cli-parser:cli-parser": {
            "firstLevelTransitive": [
                "io.mantisrx:mantis-control-plane-core"
            ],
            "locked": "1.1.1"
        },
        "com.google.code.findbugs:jsr305": {
            "firstLevelTransitive": [
                "io.mantisrx:mantis-common"
            ],
            "locked": "3.0.1"
        },
        "com.netflix.spectator:spectator-api": {
            "locked": "1.3.10"
        },
        "com.netflix:mantis-rxnetty": {
            "firstLevelTransitive": [
                "io.mantisrx:mantis-common"
            ],
            "locked": "0.4.19.1"
        },
        "com.spotify:completable-futures": {
            "locked": "0.3.1"
        },
        "commons-io:commons-io": {
            "locked": "2.11.0"
        },
        "io.github.resilience4j:resilience4j-retry": {
            "locked": "1.5.0"
        },
        "io.mantisrx:mantis-common": {
            "firstLevelTransitive": [
                "io.mantisrx:mantis-control-plane-core"
            ],
            "project": true
        },
        "io.mantisrx:mantis-common-serde": {
            "firstLevelTransitive": [
                "io.mantisrx:mantis-common"
            ],
            "project": true
        },
        "io.mantisrx:mantis-control-plane-client": {
            "firstLevelTransitive": [
                "io.mantisrx:mantis-runtime-loader",
                "io.mantisrx:mantis-server-worker-client"
            ],
            "project": true
        },
        "io.mantisrx:mantis-control-plane-core": {
            "firstLevelTransitive": [
                "io.mantisrx:mantis-control-plane-client",
                "io.mantisrx:mantis-server-worker-client"
            ],
            "project": true
        },
        "io.mantisrx:mantis-remote-observable": {
            "firstLevelTransitive": [
                "io.mantisrx:mantis-control-plane-client"
            ],
            "project": true
        },
        "io.mantisrx:mantis-runtime-loader": {
            "project": true
        },
        "io.mantisrx:mantis-server-worker-client": {
            "project": true
        },
        "io.mantisrx:mantis-shaded": {
            "firstLevelTransitive": [
                "io.mantisrx:mantis-common",
                "io.mantisrx:mantis-common-serde"
            ],
            "project": true
        },
        "io.netty:netty-buffer": {
            "firstLevelTransitive": [
                "io.mantisrx:mantis-common"
            ],
            "locked": "4.1.17.Final"
        },
        "io.netty:netty-codec-http": {
            "firstLevelTransitive": [
                "io.mantisrx:mantis-common"
            ],
            "locked": "4.1.17.Final"
        },
        "io.netty:netty-transport-native-epoll": {
            "firstLevelTransitive": [
                "io.mantisrx:mantis-common"
            ],
            "locked": "4.1.17.Final"
        },
        "io.reactivex:rxjava": {
            "firstLevelTransitive": [
                "io.mantisrx:mantis-common"
            ],
            "locked": "1.3.8"
        },
        "io.vavr:vavr": {
            "locked": "0.10.2"
        },
        "joda-time:joda-time": {
            "firstLevelTransitive": [
                "io.mantisrx:mantis-control-plane-core"
            ],
            "locked": "2.12.7"
        },
        "net.lingala.zip4j:zip4j": {
            "locked": "2.9.0"
        },
        "org.apache.flink:flink-core": {
            "firstLevelTransitive": [
                "io.mantisrx:mantis-control-plane-core"
            ],
            "locked": "1.14.2"
        },
        "org.apache.flink:flink-rpc-core": {
            "firstLevelTransitive": [
                "io.mantisrx:mantis-control-plane-core"
            ],
            "locked": "1.14.2"
        },
        "org.apache.hadoop:hadoop-common": {
            "locked": "2.7.7"
        },
        "org.hdrhistogram:HdrHistogram": {
            "firstLevelTransitive": [
                "io.mantisrx:mantis-control-plane-core"
            ],
            "locked": "2.1.12"
        },
        "org.jctools:jctools-core": {
            "firstLevelTransitive": [
                "io.mantisrx:mantis-common"
            ],
            "locked": "1.2.1"
        },
        "org.json:json": {
            "firstLevelTransitive": [
                "io.mantisrx:mantis-control-plane-core"
            ],
            "locked": "20180813"
        },
        "org.projectlombok:lombok": {
            "locked": "1.18.20"
        },
        "org.skife.config:config-magic": {
            "firstLevelTransitive": [
                "io.mantisrx:mantis-control-plane-core"
            ],
            "locked": "0.11"
        },
        "org.slf4j:slf4j-api": {
            "firstLevelTransitive": [
                "io.mantisrx:mantis-common"
            ],
            "locked": "1.7.30"
        },
        "org.slf4j:slf4j-log4j12": {
            "firstLevelTransitive": [
                "io.mantisrx:mantis-common"
            ],
            "locked": "1.7.0"
        },
        "org.xerial.snappy:snappy-java": {
            "firstLevelTransitive": [
                "io.mantisrx:mantis-common"
            ],
            "locked": "1.1.10.5"
        }
    },
    "lombok": {
        "org.projectlombok:lombok": {
            "locked": "1.18.20"
        }
    },
    "runtimeClasspath": {
        "com.github.spullara.cli-parser:cli-parser": {
            "firstLevelTransitive": [
                "io.mantisrx:mantis-control-plane-core"
            ],
            "locked": "1.1.1"
        },
        "com.google.code.findbugs:jsr305": {
            "firstLevelTransitive": [
                "io.mantisrx:mantis-common"
            ],
            "locked": "3.0.1"
        },
        "com.netflix.rxjava:rxjava-math": {
            "firstLevelTransitive": [
                "io.mantisrx:mantis-remote-observable"
            ],
            "locked": "0.20.6"
        },
        "com.netflix.spectator:spectator-api": {
            "firstLevelTransitive": [
                "io.mantisrx:mantis-server-worker-client"
            ],
            "locked": "1.3.10"
        },
        "com.netflix:mantis-rxnetty": {
            "firstLevelTransitive": [
                "io.mantisrx:mantis-common"
            ],
            "locked": "0.4.19.1"
        },
        "com.spotify:completable-futures": {
            "firstLevelTransitive": [
                "io.mantisrx:mantis-control-plane-client"
            ],
            "locked": "0.3.1"
        },
        "commons-io:commons-io": {
            "firstLevelTransitive": [
                "io.mantisrx:mantis-common",
                "io.mantisrx:mantis-control-plane-core"
            ],
            "locked": "2.11.0"
        },
        "io.github.resilience4j:resilience4j-retry": {
            "locked": "1.5.0"
        },
        "io.mantisrx:mantis-common": {
            "firstLevelTransitive": [
                "io.mantisrx:mantis-control-plane-core",
                "io.mantisrx:mantis-remote-observable"
            ],
            "project": true
        },
        "io.mantisrx:mantis-common-serde": {
            "firstLevelTransitive": [
                "io.mantisrx:mantis-common"
            ],
            "project": true
        },
        "io.mantisrx:mantis-control-plane-client": {
            "firstLevelTransitive": [
                "io.mantisrx:mantis-runtime-loader",
                "io.mantisrx:mantis-server-worker-client"
            ],
            "project": true
        },
        "io.mantisrx:mantis-control-plane-core": {
            "firstLevelTransitive": [
                "io.mantisrx:mantis-control-plane-client",
                "io.mantisrx:mantis-server-worker-client"
            ],
            "project": true
        },
        "io.mantisrx:mantis-remote-observable": {
            "firstLevelTransitive": [
                "io.mantisrx:mantis-control-plane-client"
            ],
            "project": true
        },
        "io.mantisrx:mantis-runtime-loader": {
            "project": true
        },
        "io.mantisrx:mantis-server-worker-client": {
            "project": true
        },
        "io.mantisrx:mantis-shaded": {
            "firstLevelTransitive": [
                "io.mantisrx:mantis-common",
                "io.mantisrx:mantis-common-serde"
            ],
            "project": true
        },
        "io.netty:netty-buffer": {
            "firstLevelTransitive": [
                "io.mantisrx:mantis-common"
            ],
            "locked": "4.1.60.Final"
        },
        "io.netty:netty-codec-http": {
            "firstLevelTransitive": [
                "io.mantisrx:mantis-common"
            ],
            "locked": "4.1.60.Final"
        },
        "io.netty:netty-handler": {
            "firstLevelTransitive": [
                "io.mantisrx:mantis-remote-observable"
            ],
            "locked": "4.1.60.Final"
        },
        "io.netty:netty-transport-native-epoll": {
            "firstLevelTransitive": [
                "io.mantisrx:mantis-common"
            ],
            "locked": "4.1.60.Final"
        },
        "io.reactivex:rxjava": {
            "firstLevelTransitive": [
                "io.mantisrx:mantis-common"
            ],
            "locked": "1.3.8"
        },
        "io.vavr:vavr": {
            "firstLevelTransitive": [
                "io.mantisrx:mantis-runtime-loader",
                "io.mantisrx:mantis-shaded"
            ],
            "locked": "0.10.2"
        },
        "joda-time:joda-time": {
            "firstLevelTransitive": [
                "io.mantisrx:mantis-control-plane-core"
            ],
            "locked": "2.12.7"
        },
        "net.jcip:jcip-annotations": {
            "firstLevelTransitive": [
                "io.mantisrx:mantis-common"
            ],
            "locked": "1.0"
        },
        "net.lingala.zip4j:zip4j": {
            "locked": "2.9.0"
        },
        "org.apache.flink:flink-core": {
            "firstLevelTransitive": [
                "io.mantisrx:mantis-control-plane-core"
            ],
            "locked": "1.14.2"
        },
        "org.apache.flink:flink-rpc-core": {
            "firstLevelTransitive": [
                "io.mantisrx:mantis-control-plane-core"
            ],
            "locked": "1.14.2"
        },
        "org.apache.hadoop:hadoop-common": {
            "locked": "2.7.7"
        },
        "org.asynchttpclient:async-http-client": {
            "firstLevelTransitive": [
                "io.mantisrx:mantis-control-plane-client"
            ],
            "locked": "2.12.3"
        },
        "org.hdrhistogram:HdrHistogram": {
            "firstLevelTransitive": [
                "io.mantisrx:mantis-control-plane-core"
            ],
            "locked": "2.1.12"
        },
        "org.jctools:jctools-core": {
            "firstLevelTransitive": [
                "io.mantisrx:mantis-common"
            ],
            "locked": "1.2.1"
        },
        "org.json:json": {
            "firstLevelTransitive": [
                "io.mantisrx:mantis-control-plane-core"
            ],
            "locked": "20180813"
        },
        "org.skife.config:config-magic": {
            "firstLevelTransitive": [
                "io.mantisrx:mantis-control-plane-core"
            ],
            "locked": "0.11"
        },
        "org.slf4j:slf4j-api": {
            "firstLevelTransitive": [
                "io.mantisrx:mantis-common",
                "io.mantisrx:mantis-remote-observable"
            ],
            "locked": "1.7.36"
        },
        "org.slf4j:slf4j-log4j12": {
            "firstLevelTransitive": [
                "io.mantisrx:mantis-common",
                "io.mantisrx:mantis-remote-observable"
            ],
            "locked": "1.7.10"
        },
        "org.xerial.snappy:snappy-java": {
            "firstLevelTransitive": [
                "io.mantisrx:mantis-common"
            ],
            "locked": "1.1.10.5"
        }
    },
    "testAnnotationProcessor": {
        "org.projectlombok:lombok": {
            "locked": "1.18.20"
        }
    },
    "testCompileClasspath": {
        "com.github.spullara.cli-parser:cli-parser": {
            "firstLevelTransitive": [
                "io.mantisrx:mantis-control-plane-core"
            ],
            "locked": "1.1.1"
        },
        "com.google.code.findbugs:jsr305": {
            "firstLevelTransitive": [
                "io.mantisrx:mantis-common"
            ],
            "locked": "3.0.1"
        },
        "com.netflix.spectator:spectator-api": {
            "locked": "1.3.10"
        },
        "com.netflix:mantis-rxnetty": {
            "firstLevelTransitive": [
                "io.mantisrx:mantis-common"
            ],
            "locked": "0.4.19.1"
        },
        "com.spotify:completable-futures": {
            "locked": "0.3.1"
        },
        "commons-io:commons-io": {
            "locked": "2.11.0"
        },
        "io.github.resilience4j:resilience4j-retry": {
            "locked": "1.5.0"
        },
        "io.mantisrx:mantis-common": {
            "firstLevelTransitive": [
                "io.mantisrx:mantis-control-plane-core",
                "io.mantisrx:mantis-network",
                "io.mantisrx:mantis-runtime"
            ],
            "project": true
        },
        "io.mantisrx:mantis-common-serde": {
            "firstLevelTransitive": [
                "io.mantisrx:mantis-common"
            ],
            "project": true
        },
        "io.mantisrx:mantis-control-plane-client": {
            "firstLevelTransitive": [
                "io.mantisrx:mantis-runtime-loader",
                "io.mantisrx:mantis-server-worker-client"
            ],
            "project": true
        },
        "io.mantisrx:mantis-control-plane-core": {
            "firstLevelTransitive": [
                "io.mantisrx:mantis-control-plane-client",
                "io.mantisrx:mantis-control-plane-core",
                "io.mantisrx:mantis-server-worker-client"
            ],
            "project": true
        },
        "io.mantisrx:mantis-network": {
            "firstLevelTransitive": [
                "io.mantisrx:mantis-runtime"
            ],
            "project": true
        },
        "io.mantisrx:mantis-remote-observable": {
            "firstLevelTransitive": [
                "io.mantisrx:mantis-control-plane-client",
                "io.mantisrx:mantis-runtime"
            ],
            "project": true
        },
        "io.mantisrx:mantis-runtime": {
            "firstLevelTransitive": [
                "io.mantisrx:mantis-runtime-executor"
            ],
            "project": true
        },
        "io.mantisrx:mantis-runtime-executor": {
            "project": true
        },
        "io.mantisrx:mantis-runtime-loader": {
            "firstLevelTransitive": [
                "io.mantisrx:mantis-runtime-executor"
            ],
            "project": true
        },
        "io.mantisrx:mantis-rxcontrol": {
            "firstLevelTransitive": [
                "io.mantisrx:mantis-runtime-executor"
            ],
            "project": true
        },
        "io.mantisrx:mantis-server-worker-client": {
            "firstLevelTransitive": [
                "io.mantisrx:mantis-runtime-executor"
            ],
            "project": true
        },
        "io.mantisrx:mantis-shaded": {
            "firstLevelTransitive": [
                "io.mantisrx:mantis-common",
                "io.mantisrx:mantis-common-serde",
                "io.mantisrx:mantis-rxcontrol"
            ],
            "project": true
        },
        "io.netty:netty-buffer": {
            "firstLevelTransitive": [
                "io.mantisrx:mantis-common"
            ],
            "locked": "4.1.17.Final"
        },
        "io.netty:netty-codec-http": {
            "firstLevelTransitive": [
                "io.mantisrx:mantis-common"
            ],
            "locked": "4.1.17.Final"
        },
        "io.netty:netty-handler": {
            "firstLevelTransitive": [
                "io.mantisrx:mantis-network"
            ],
            "locked": "4.1.17.Final"
        },
        "io.netty:netty-transport-native-epoll": {
            "firstLevelTransitive": [
                "io.mantisrx:mantis-common"
            ],
            "locked": "4.1.17.Final"
        },
        "io.reactivex:rxjava": {
            "firstLevelTransitive": [
                "io.mantisrx:mantis-common"
            ],
            "locked": "1.3.8"
        },
        "io.vavr:vavr": {
            "locked": "0.10.2"
        },
        "joda-time:joda-time": {
            "firstLevelTransitive": [
                "io.mantisrx:mantis-control-plane-core"
            ],
            "locked": "2.12.7"
        },
        "junit:junit": {
            "locked": "4.11"
        },
        "junit:junit-dep": {
            "locked": "4.11"
        },
        "net.lingala.zip4j:zip4j": {
            "locked": "2.9.0"
        },
        "org.apache.flink:flink-core": {
            "firstLevelTransitive": [
                "io.mantisrx:mantis-control-plane-core"
            ],
            "locked": "1.14.2"
        },
        "org.apache.flink:flink-rpc-core": {
            "firstLevelTransitive": [
                "io.mantisrx:mantis-control-plane-core"
            ],
            "locked": "1.14.2"
        },
        "org.apache.hadoop:hadoop-common": {
            "locked": "2.7.7"
        },
        "org.hdrhistogram:HdrHistogram": {
            "firstLevelTransitive": [
                "io.mantisrx:mantis-control-plane-core"
            ],
            "locked": "2.1.12"
        },
        "org.jctools:jctools-core": {
            "firstLevelTransitive": [
                "io.mantisrx:mantis-common"
            ],
            "locked": "1.2.1"
        },
        "org.json:json": {
            "firstLevelTransitive": [
                "io.mantisrx:mantis-control-plane-core"
            ],
            "locked": "20180813"
        },
        "org.mockito:mockito-all": {
            "locked": "2.0.2-beta"
        },
        "org.projectlombok:lombok": {
            "locked": "1.18.20"
        },
        "org.skife.config:config-magic": {
            "firstLevelTransitive": [
                "io.mantisrx:mantis-control-plane-core"
            ],
            "locked": "0.11"
        },
        "org.slf4j:slf4j-api": {
            "firstLevelTransitive": [
                "io.mantisrx:mantis-common",
                "io.mantisrx:mantis-runtime"
            ],
            "locked": "1.7.30"
        },
        "org.slf4j:slf4j-log4j12": {
            "firstLevelTransitive": [
                "io.mantisrx:mantis-common"
            ],
            "locked": "1.7.0"
        },
        "org.xerial.snappy:snappy-java": {
            "firstLevelTransitive": [
                "io.mantisrx:mantis-common"
            ],
            "locked": "1.1.10.5"
        }
    },
    "testRuntimeClasspath": {
        "com.github.spullara.cli-parser:cli-parser": {
            "firstLevelTransitive": [
                "io.mantisrx:mantis-control-plane-core"
            ],
            "locked": "1.1.1"
        },
        "com.google.code.findbugs:jsr305": {
            "firstLevelTransitive": [
                "io.mantisrx:mantis-common"
            ],
            "locked": "3.0.1"
        },
        "com.mashape.unirest:unirest-java": {
            "firstLevelTransitive": [
                "io.mantisrx:mantis-rxcontrol"
            ],
            "locked": "1.4.9"
        },
        "com.netflix.rxjava:rxjava-math": {
            "firstLevelTransitive": [
                "io.mantisrx:mantis-remote-observable",
                "io.mantisrx:mantis-rxcontrol"
            ],
            "locked": "0.20.6"
        },
        "com.netflix.spectator:spectator-api": {
            "firstLevelTransitive": [
                "io.mantisrx:mantis-runtime-executor",
                "io.mantisrx:mantis-server-worker-client"
            ],
            "locked": "1.3.10"
        },
        "com.netflix:mantis-rxnetty": {
            "firstLevelTransitive": [
                "io.mantisrx:mantis-common"
            ],
            "locked": "0.4.19.1"
        },
        "com.spotify:completable-futures": {
            "firstLevelTransitive": [
                "io.mantisrx:mantis-control-plane-client"
            ],
            "locked": "0.3.1"
        },
        "com.yahoo.datasketches:sketches-core": {
            "firstLevelTransitive": [
                "io.mantisrx:mantis-runtime-executor",
                "io.mantisrx:mantis-rxcontrol"
            ],
            "locked": "0.9.1"
        },
        "commons-io:commons-io": {
            "firstLevelTransitive": [
                "io.mantisrx:mantis-common",
                "io.mantisrx:mantis-control-plane-core"
            ],
            "locked": "2.11.0"
        },
        "io.github.resilience4j:resilience4j-retry": {
            "locked": "1.5.0"
        },
        "io.mantisrx:mantis-common": {
            "firstLevelTransitive": [
                "io.mantisrx:mantis-control-plane-core",
                "io.mantisrx:mantis-network",
                "io.mantisrx:mantis-remote-observable",
                "io.mantisrx:mantis-runtime"
            ],
            "project": true
        },
        "io.mantisrx:mantis-common-serde": {
            "firstLevelTransitive": [
                "io.mantisrx:mantis-common"
            ],
            "project": true
        },
        "io.mantisrx:mantis-control-plane-client": {
            "firstLevelTransitive": [
                "io.mantisrx:mantis-runtime-loader",
                "io.mantisrx:mantis-server-worker-client"
            ],
            "project": true
        },
        "io.mantisrx:mantis-control-plane-core": {
            "firstLevelTransitive": [
                "io.mantisrx:mantis-control-plane-client",
                "io.mantisrx:mantis-control-plane-core",
                "io.mantisrx:mantis-server-worker-client"
            ],
            "project": true
        },
        "io.mantisrx:mantis-network": {
            "firstLevelTransitive": [
                "io.mantisrx:mantis-runtime"
            ],
            "project": true
        },
        "io.mantisrx:mantis-remote-observable": {
            "firstLevelTransitive": [
                "io.mantisrx:mantis-control-plane-client",
                "io.mantisrx:mantis-runtime"
            ],
            "project": true
        },
        "io.mantisrx:mantis-runtime": {
            "firstLevelTransitive": [
                "io.mantisrx:mantis-runtime-executor"
            ],
            "project": true
        },
        "io.mantisrx:mantis-runtime-executor": {
            "project": true
        },
        "io.mantisrx:mantis-runtime-loader": {
            "firstLevelTransitive": [
                "io.mantisrx:mantis-runtime-executor"
            ],
            "project": true
        },
        "io.mantisrx:mantis-rxcontrol": {
            "firstLevelTransitive": [
                "io.mantisrx:mantis-runtime-executor"
            ],
            "project": true
        },
        "io.mantisrx:mantis-server-worker-client": {
            "firstLevelTransitive": [
                "io.mantisrx:mantis-runtime-executor"
            ],
            "project": true
        },
        "io.mantisrx:mantis-shaded": {
            "firstLevelTransitive": [
                "io.mantisrx:mantis-common",
                "io.mantisrx:mantis-common-serde",
                "io.mantisrx:mantis-rxcontrol"
            ],
            "project": true
        },
        "io.mantisrx:mql-jvm": {
            "firstLevelTransitive": [
                "io.mantisrx:mantis-network"
            ],
            "locked": "3.4.0"
        },
        "io.netty:netty-buffer": {
            "firstLevelTransitive": [
                "io.mantisrx:mantis-common"
            ],
            "locked": "4.1.60.Final"
        },
        "io.netty:netty-codec-http": {
            "firstLevelTransitive": [
                "io.mantisrx:mantis-common"
            ],
            "locked": "4.1.60.Final"
        },
        "io.netty:netty-handler": {
            "firstLevelTransitive": [
                "io.mantisrx:mantis-network",
                "io.mantisrx:mantis-remote-observable"
            ],
            "locked": "4.1.60.Final"
        },
        "io.netty:netty-transport-native-epoll": {
            "firstLevelTransitive": [
                "io.mantisrx:mantis-common"
            ],
            "locked": "4.1.60.Final"
        },
        "io.reactivex:rxjava": {
            "firstLevelTransitive": [
                "io.mantisrx:mantis-common",
                "io.mantisrx:mantis-rxcontrol"
            ],
            "locked": "1.3.8"
        },
        "io.vavr:vavr": {
            "firstLevelTransitive": [
                "io.mantisrx:mantis-runtime-executor",
                "io.mantisrx:mantis-runtime-loader",
                "io.mantisrx:mantis-rxcontrol",
                "io.mantisrx:mantis-shaded"
            ],
            "locked": "0.10.2"
        },
        "io.vavr:vavr-jackson": {
            "firstLevelTransitive": [
                "io.mantisrx:mantis-rxcontrol"
            ],
            "locked": "0.9.2"
        },
        "joda-time:joda-time": {
            "firstLevelTransitive": [
                "io.mantisrx:mantis-control-plane-core"
            ],
            "locked": "2.12.7"
        },
        "junit:junit": {
            "locked": "4.11"
        },
        "junit:junit-dep": {
            "locked": "4.11"
        },
        "net.jcip:jcip-annotations": {
            "firstLevelTransitive": [
                "io.mantisrx:mantis-common"
            ],
            "locked": "1.0"
        },
        "net.lingala.zip4j:zip4j": {
            "locked": "2.9.0"
        },
        "nz.ac.waikato.cms.moa:moa": {
            "firstLevelTransitive": [
                "io.mantisrx:mantis-runtime-executor"
            ],
            "locked": "2017.06"
        },
        "org.apache.commons:commons-math3": {
            "firstLevelTransitive": [
                "io.mantisrx:mantis-rxcontrol"
            ],
            "locked": "3.6.1"
        },
        "org.apache.flink:flink-core": {
            "firstLevelTransitive": [
                "io.mantisrx:mantis-control-plane-core"
            ],
            "locked": "1.14.2"
        },
        "org.apache.flink:flink-rpc-akka": {
            "firstLevelTransitive": [
                "io.mantisrx:mantis-control-plane-core"
            ],
            "locked": "1.14.2"
        },
        "org.apache.flink:flink-rpc-core": {
            "firstLevelTransitive": [
                "io.mantisrx:mantis-control-plane-core"
            ],
            "locked": "1.14.2"
        },
        "org.apache.hadoop:hadoop-common": {
            "locked": "2.7.7"
        },
        "org.apache.httpcomponents:httpclient": {
            "firstLevelTransitive": [
                "io.mantisrx:mantis-runtime-executor"
            ],
            "locked": "4.5.14"
        },
        "org.asynchttpclient:async-http-client": {
            "firstLevelTransitive": [
                "io.mantisrx:mantis-control-plane-client"
            ],
            "locked": "2.12.3"
        },
        "org.hdrhistogram:HdrHistogram": {
            "firstLevelTransitive": [
                "io.mantisrx:mantis-control-plane-core"
            ],
            "locked": "2.1.12"
        },
        "org.jctools:jctools-core": {
            "firstLevelTransitive": [
                "io.mantisrx:mantis-common"
            ],
            "locked": "1.2.1"
        },
        "org.json:json": {
            "firstLevelTransitive": [
                "io.mantisrx:mantis-control-plane-core"
            ],
            "locked": "20180813"
        },
        "org.mockito:mockito-all": {
            "locked": "2.0.2-beta"
        },
        "org.skife.config:config-magic": {
            "firstLevelTransitive": [
                "io.mantisrx:mantis-control-plane-core"
            ],
            "locked": "0.11"
        },
        "org.slf4j:slf4j-api": {
            "firstLevelTransitive": [
                "io.mantisrx:mantis-common",
                "io.mantisrx:mantis-remote-observable",
                "io.mantisrx:mantis-runtime",
                "io.mantisrx:mantis-runtime-executor",
                "io.mantisrx:mantis-rxcontrol"
            ],
            "locked": "1.7.36"
        },
        "org.slf4j:slf4j-log4j12": {
            "firstLevelTransitive": [
                "io.mantisrx:mantis-common",
                "io.mantisrx:mantis-remote-observable",
                "io.mantisrx:mantis-runtime-executor"
            ],
            "locked": "1.7.10"
        },
        "org.xerial.snappy:snappy-java": {
            "firstLevelTransitive": [
                "io.mantisrx:mantis-common"
            ],
            "locked": "1.1.10.5"
        }
    }
}