{
    "annotationProcessor": {
        "org.projectlombok:lombok": {
            "locked": "1.18.20"
        }
    },
    "baseline-exact-dependencies-main": {
        "com.netflix.archaius:archaius2-core": {
            "locked": "2.7.9"
        },
        "com.netflix.spectator:spectator-ext-ipc": {
            "locked": "0.134.0"
        },
        "io.mantisrx:mantis-common-serde": {
            "project": true
        },
        "io.mantisrx:mantis-shaded": {
            "firstLevelTransitive": [
                "io.mantisrx:mantis-common-serde"
            ],
            "project": true
        },
        "io.mantisrx:mql-jvm": {
            "locked": "3.2.2"
        },
        "org.slf4j:slf4j-api": {
            "locked": "1.7.0"
        }
    },
    "baseline-exact-dependencies-test": {
        "com.github.tomakehurst:wiremock-jre8": {
            "locked": "2.21.0"
        },
        "commons-io:commons-io": {
            "locked": "2.11.0"
        },
        "org.junit.jupiter:junit-jupiter-api": {
            "locked": "5.4.2"
        },
        "org.junit.jupiter:junit-jupiter-engine": {
            "locked": "5.4.2"
        },
        "org.junit.jupiter:junit-jupiter-params": {
            "locked": "5.4.2"
        },
        "org.mockito:mockito-core": {
            "locked": "2.0.111-beta"
        },
        "org.slf4j:slf4j-log4j12": {
            "locked": "1.7.0"
        }
    },
    "compileClasspath": {
        "com.netflix.archaius:archaius2-api": {
            "locked": "2.7.9"
        },
        "com.netflix.archaius:archaius2-core": {
            "locked": "2.7.9"
        },
        "com.netflix.spectator:spectator-api": {
            "locked": "0.134.0"
        },
        "com.netflix.spectator:spectator-ext-ipc": {
            "locked": "0.134.0"
        },
        "io.mantisrx:mantis-common-serde": {
            "project": true
        },
        "io.mantisrx:mantis-discovery-proto": {
            "project": true
        },
        "io.mantisrx:mantis-shaded": {
            "firstLevelTransitive": [
                "io.mantisrx:mantis-common-serde",
                "io.mantisrx:mantis-discovery-proto"
            ],
            "project": true
        },
        "io.mantisrx:mql-jvm": {
            "locked": "3.2.2"
        },
        "org.projectlombok:lombok": {
            "locked": "1.18.20"
        },
        "org.slf4j:slf4j-api": {
            "locked": "1.7.0"
        }
    },
    "lombok": {
        "org.projectlombok:lombok": {
            "locked": "1.18.20"
        }
    },
    "runtimeClasspath": {
        "com.netflix.archaius:archaius2-api": {
            "locked": "2.7.9"
        },
        "com.netflix.archaius:archaius2-core": {
            "locked": "2.7.9"
        },
        "com.netflix.spectator:spectator-api": {
            "locked": "0.134.0"
        },
        "com.netflix.spectator:spectator-ext-ipc": {
            "locked": "0.134.0"
        },
        "io.mantisrx:mantis-common-serde": {
            "project": true
        },
        "io.mantisrx:mantis-discovery-proto": {
            "project": true
        },
        "io.mantisrx:mantis-shaded": {
            "firstLevelTransitive": [
                "io.mantisrx:mantis-common-serde",
                "io.mantisrx:mantis-discovery-proto"
            ],
            "project": true
        },
        "io.mantisrx:mql-jvm": {
            "locked": "3.2.2"
        },
        "io.vavr:vavr": {
            "firstLevelTransitive": [
                "io.mantisrx:mantis-shaded"
            ],
            "locked": "0.9.2"
        },
        "org.slf4j:slf4j-api": {
            "locked": "1.7.36"
        }
    },
    "testAnnotationProcessor": {
        "org.projectlombok:lombok": {
            "locked": "1.18.20"
        }
    },
    "testCompileClasspath": {
        "com.github.tomakehurst:wiremock-jre8": {
            "locked": "2.21.0"
        },
        "com.netflix.archaius:archaius2-api": {
            "locked": "2.7.9"
        },
        "com.netflix.archaius:archaius2-core": {
            "locked": "2.7.9"
        },
        "com.netflix.spectator:spectator-api": {
            "locked": "0.134.0"
        },
        "com.netflix.spectator:spectator-ext-ipc": {
            "locked": "0.134.0"
        },
        "commons-io:commons-io": {
            "locked": "2.11.0"
        },
        "io.mantisrx:mantis-common-serde": {
            "project": true
        },
        "io.mantisrx:mantis-discovery-proto": {
            "project": true
        },
        "io.mantisrx:mantis-shaded": {
            "firstLevelTransitive": [
                "io.mantisrx:mantis-common-serde",
                "io.mantisrx:mantis-discovery-proto"
            ],
            "project": true
        },
        "io.mantisrx:mql-jvm": {
            "locked": "3.2.2"
        },
        "org.junit.jupiter:junit-jupiter-api": {
            "locked": "5.4.2"
        },
        "org.junit.jupiter:junit-jupiter-engine": {
            "locked": "5.4.2"
        },
        "org.junit.jupiter:junit-jupiter-params": {
            "locked": "5.4.2"
        },
        "org.mockito:mockito-core": {
            "locked": "2.0.111-beta"
        },
        "org.projectlombok:lombok": {
            "locked": "1.18.20"
        },
        "org.slf4j:slf4j-api": {
            "locked": "1.7.25"
        },
        "org.slf4j:slf4j-log4j12": {
            "locked": "1.7.0"
        }
    },
    "testRuntimeClasspath": {
        "com.github.tomakehurst:wiremock-jre8": {
            "locked": "2.21.0"
        },
        "com.netflix.archaius:archaius2-api": {
            "locked": "2.7.9"
        },
        "com.netflix.archaius:archaius2-core": {
            "locked": "2.7.9"
        },
        "com.netflix.spectator:spectator-api": {
            "locked": "0.134.0"
        },
        "com.netflix.spectator:spectator-ext-ipc": {
            "locked": "0.134.0"
        },
        "commons-io:commons-io": {
            "locked": "2.11.0"
        },
        "io.mantisrx:mantis-common-serde": {
            "project": true
        },
        "io.mantisrx:mantis-discovery-proto": {
            "project": true
        },
        "io.mantisrx:mantis-shaded": {
            "firstLevelTransitive": [
                "io.mantisrx:mantis-common-serde",
                "io.mantisrx:mantis-discovery-proto"
            ],
            "project": true
        },
        "io.mantisrx:mql-jvm": {
            "locked": "3.2.2"
        },
        "io.vavr:vavr": {
            "firstLevelTransitive": [
                "io.mantisrx:mantis-shaded"
            ],
            "locked": "0.9.2"
        },
        "org.junit.jupiter:junit-jupiter-api": {
            "locked": "5.4.2"
        },
        "org.junit.jupiter:junit-jupiter-engine": {
            "locked": "5.4.2"
        },
        "org.junit.jupiter:junit-jupiter-params": {
            "locked": "5.4.2"
        },
        "org.mockito:mockito-core": {
            "locked": "2.0.111-beta"
        },
        "org.slf4j:slf4j-api": {
            "locked": "1.7.36"
        },
        "org.slf4j:slf4j-log4j12": {
            "locked": "1.7.0"
        }
    }
}