{
    "annotationProcessor": {
        "org.projectlombok:lombok": {
            "locked": "1.18.20"
        }
    },
    "baseline-exact-dependencies-test": {
        "junit:junit": {
            "locked": "4.11"
        },
        "junit:junit-dep": {
            "locked": "4.11"
        },
        "org.mockito:mockito-core": {
            "locked": "2.0.111-beta"
        }
    },
    "compileClasspath": {
        "io.mantisrx:mantis-shaded": {
            "project": true
        },
        "org.projectlombok:lombok": {
            "locked": "1.18.20"
        }
    },
    "lombok": {
        "org.projectlombok:lombok": {
            "locked": "1.18.20"
        }
    },
    "runtimeClasspath": {
        "io.mantisrx:mantis-shaded": {
            "project": true
        }
    },
    "testAnnotationProcessor": {
        "org.projectlombok:lombok": {
            "locked": "1.18.20"
        }
    },
    "testCompileClasspath": {
        "io.mantisrx:mantis-shaded": {
            "project": true
        },
        "junit:junit": {
            "locked": "4.11"
        },
        "junit:junit-dep": {
            "locked": "4.11"
        },
        "org.mockito:mockito-core": {
            "locked": "2.0.111-beta"
        },
        "org.projectlombok:lombok": {
            "locked": "1.18.20"
        }
    },
    "testRuntimeClasspath": {
        "io.mantisrx:mantis-shaded": {
            "project": true
        },
        "junit:junit": {
            "locked": "4.11"
        },
        "junit:junit-dep": {
            "locked": "4.11"
        },
        "org.mockito:mockito-core": {
            "locked": "2.0.111-beta"
        }
    }
}