{
    "annotationProcessor": {
        "org.projectlombok:lombok": {
            "locked": "1.18.36"
        }
    },
    "compileClasspath": {
        "io.mantisrx:mantis-shaded": {
            "project": true
        },
        "org.projectlombok:lombok": {
            "locked": "1.18.36"
        }
    },
    "lombok": {
        "org.projectlombok:lombok": {
            "locked": "1.18.36"
        }
    },
    "runtimeClasspath": {
        "io.mantisrx:mantis-shaded": {
            "project": true
        },
        "io.vavr:vavr": {
            "firstLevelTransitive": [
                "io.mantisrx:mantis-shaded"
            ],
            "locked": "0.9.2"
        }
    },
    "testAnnotationProcessor": {
        "org.projectlombok:lombok": {
            "locked": "1.18.36"
        }
    },
    "testCompileClasspath": {
        "io.mantisrx:mantis-shaded": {
            "project": true
        },
        "org.projectlombok:lombok": {
            "locked": "1.18.36"
        }
    },
    "testRuntimeClasspath": {
        "io.mantisrx:mantis-shaded": {
            "project": true
        },
        "io.vavr:vavr": {
            "firstLevelTransitive": [
                "io.mantisrx:mantis-shaded"
            ],
            "locked": "0.9.2"
        }
    }
}