{
    "annotationProcessor": {
        "org.projectlombok:lombok": {
            "locked": "1.18.20"
        }
    },
    "compileClasspath": {
        "io.mantisrx:mantis-shaded": {
            "project": true
        },
        "org.projectlombok:lombok": {
            "locked": "1.18.20"
        }
    },
    "lombok": {
        "org.projectlombok:lombok": {
            "locked": "1.18.20"
        }
    },
    "runtimeClasspath": {
        "io.mantisrx:mantis-shaded": {
            "project": true
        }
    },
    "testAnnotationProcessor": {
        "org.projectlombok:lombok": {
            "locked": "1.18.20"
        }
    },
    "testCompileClasspath": {
        "io.mantisrx:mantis-shaded": {
            "project": true
        },
        "org.projectlombok:lombok": {
            "locked": "1.18.20"
        }
    },
    "testRuntimeClasspath": {
        "io.mantisrx:mantis-shaded": {
            "project": true
        }
    }
}